// !$*UTF8*$!
{
	archiveVersion = 1;
	classes = {
	};
	objectVersion = 45;
	objects = {

/* Begin PBXBuildFile section */
		1DDD582C0DA1D0D100B32029 /* JSCocoaDocument.xib in Resources */ = {isa = PBXBuildFile; fileRef = 1DDD58280DA1D0D100B32029 /* JSCocoaDocument.xib */; };
		1DDD582D0DA1D0D100B32029 /* MainMenu.xib in Resources */ = {isa = PBXBuildFile; fileRef = 1DDD582A0DA1D0D100B32029 /* MainMenu.xib */; };
		3D395BE010350A9600108264 /* console.tiff in Resources */ = {isa = PBXBuildFile; fileRef = 3D395BDD10350A9600108264 /* console.tiff */; };
		3D395BE110350A9600108264 /* stop.tiff in Resources */ = {isa = PBXBuildFile; fileRef = 3D395BDE10350A9600108264 /* stop.tiff */; };
		3D395BE210350A9600108264 /* run.tiff in Resources */ = {isa = PBXBuildFile; fileRef = 3D395BDF10350A9600108264 /* run.tiff */; };
		3DBBD95F10324714009AEF05 /* BridgeSupportController.m in Sources */ = {isa = PBXBuildFile; fileRef = 3DBBD93810324714009AEF05 /* BridgeSupportController.m */; };
		3DBBD96010324714009AEF05 /* class.js in Resources */ = {isa = PBXBuildFile; fileRef = 3DBBD93910324714009AEF05 /* class.js */; };
		3DBBD96B10324714009AEF05 /* JSCocoaController.m in Sources */ = {isa = PBXBuildFile; fileRef = 3DBBD95610324714009AEF05 /* JSCocoaController.m */; };
		3DBBD96C10324714009AEF05 /* JSCocoaFFIArgument.m in Sources */ = {isa = PBXBuildFile; fileRef = 3DBBD95810324714009AEF05 /* JSCocoaFFIArgument.m */; };
		3DBBD96D10324714009AEF05 /* JSCocoaFFIClosure.m in Sources */ = {isa = PBXBuildFile; fileRef = 3DBBD95A10324714009AEF05 /* JSCocoaFFIClosure.m */; };
		3DBBD96E10324714009AEF05 /* JSCocoaLib.m in Sources */ = {isa = PBXBuildFile; fileRef = 3DBBD95C10324714009AEF05 /* JSCocoaLib.m */; };
		3DBBD96F10324714009AEF05 /* JSCocoaPrivateObject.m in Sources */ = {isa = PBXBuildFile; fileRef = 3DBBD95E10324714009AEF05 /* JSCocoaPrivateObject.m */; };
		3DBBD9821032474E009AEF05 /* JavaScriptCore.framework in Frameworks */ = {isa = PBXBuildFile; fileRef = 3DBBD9811032474E009AEF05 /* JavaScriptCore.framework */; };
		3DBBD9A310324CE8009AEF05 /* WebKit.framework in Frameworks */ = {isa = PBXBuildFile; fileRef = 3DBBD9A210324CE8009AEF05 /* WebKit.framework */; };
		3DED26F210366F220093C660 /* tests in Resources */ = {isa = PBXBuildFile; fileRef = 3DED26EF10366F220093C660 /* tests */; };
		3DED28C2103850870093C660 /* fulljslintmod.js in Resources */ = {isa = PBXBuildFile; fileRef = 3DED28C1103850870093C660 /* fulljslintmod.js */; };
		3DFF03B010331DA50072D0A7 /* ApplicationController.m in Sources */ = {isa = PBXBuildFile; fileRef = 3DFF03AF10331DA50072D0A7 /* ApplicationController.m */; };
		3DFF03D810331E350072D0A7 /* lintexTester.js in Resources */ = {isa = PBXBuildFile; fileRef = 3DFF03D710331E350072D0A7 /* lintexTester.js */; };
		8D15AC2C0486D014006FF6A4 /* Credits.rtf in Resources */ = {isa = PBXBuildFile; fileRef = 2A37F4B9FDCFA73011CA2CEA /* Credits.rtf */; };
		8D15AC2F0486D014006FF6A4 /* InfoPlist.strings in Resources */ = {isa = PBXBuildFile; fileRef = 089C165FFE840EACC02AAC07 /* InfoPlist.strings */; };
		8D15AC320486D014006FF6A4 /* main.m in Sources */ = {isa = PBXBuildFile; fileRef = 2A37F4B0FDCFA73011CA2CEA /* main.m */; settings = {ATTRIBUTES = (); }; };
		8D15AC340486D014006FF6A4 /* Cocoa.framework in Frameworks */ = {isa = PBXBuildFile; fileRef = 1058C7A7FEA54F5311CA2CBB /* Cocoa.framework */; };
/* End PBXBuildFile section */

/* Begin PBXFileReference section */
		089C1660FE840EACC02AAC07 /* English */ = {isa = PBXFileReference; fileEncoding = 10; lastKnownFileType = text.plist.strings; name = English; path = English.lproj/InfoPlist.strings; sourceTree = "<group>"; };
		1058C7A7FEA54F5311CA2CBB /* Cocoa.framework */ = {isa = PBXFileReference; lastKnownFileType = wrapper.framework; name = Cocoa.framework; path = /System/Library/Frameworks/Cocoa.framework; sourceTree = "<absolute>"; };
		13E42FBA07B3F13500E4EEF1 /* CoreData.framework */ = {isa = PBXFileReference; lastKnownFileType = wrapper.framework; name = CoreData.framework; path = /System/Library/Frameworks/CoreData.framework; sourceTree = "<absolute>"; };
		1DDD58290DA1D0D100B32029 /* English */ = {isa = PBXFileReference; lastKnownFileType = file.xib; name = English; path = English.lproj/JSCocoaDocument.xib; sourceTree = "<group>"; };
		1DDD582B0DA1D0D100B32029 /* English */ = {isa = PBXFileReference; lastKnownFileType = file.xib; name = English; path = English.lproj/MainMenu.xib; sourceTree = "<group>"; };
		2A37F4B0FDCFA73011CA2CEA /* main.m */ = {isa = PBXFileReference; fileEncoding = 4; lastKnownFileType = sourcecode.c.objc; path = main.m; sourceTree = "<group>"; };
		2A37F4BAFDCFA73011CA2CEA /* English */ = {isa = PBXFileReference; lastKnownFileType = text.rtf; name = English; path = English.lproj/Credits.rtf; sourceTree = "<group>"; };
		2A37F4C4FDCFA73011CA2CEA /* AppKit.framework */ = {isa = PBXFileReference; lastKnownFileType = wrapper.framework; name = AppKit.framework; path = /System/Library/Frameworks/AppKit.framework; sourceTree = "<absolute>"; };
		2A37F4C5FDCFA73011CA2CEA /* Foundation.framework */ = {isa = PBXFileReference; lastKnownFileType = wrapper.framework; name = Foundation.framework; path = /System/Library/Frameworks/Foundation.framework; sourceTree = "<absolute>"; };
		32DBCF750370BD2300C91783 /* LintexTester_Prefix.pch */ = {isa = PBXFileReference; fileEncoding = 4; lastKnownFileType = sourcecode.c.h; path = LintexTester_Prefix.pch; sourceTree = "<group>"; };
		3D395BDD10350A9600108264 /* console.tiff */ = {isa = PBXFileReference; lastKnownFileType = image.tiff; name = console.tiff; path = images/console.tiff; sourceTree = "<group>"; };
		3D395BDE10350A9600108264 /* stop.tiff */ = {isa = PBXFileReference; lastKnownFileType = image.tiff; name = stop.tiff; path = images/stop.tiff; sourceTree = "<group>"; };
		3D395BDF10350A9600108264 /* run.tiff */ = {isa = PBXFileReference; lastKnownFileType = image.tiff; name = run.tiff; path = images/run.tiff; sourceTree = "<group>"; };
		3DBBD93710324714009AEF05 /* BridgeSupportController.h */ = {isa = PBXFileReference; fileEncoding = 4; lastKnownFileType = sourcecode.c.h; path = BridgeSupportController.h; sourceTree = "<group>"; };
		3DBBD93810324714009AEF05 /* BridgeSupportController.m */ = {isa = PBXFileReference; fileEncoding = 4; lastKnownFileType = sourcecode.c.objc; path = BridgeSupportController.m; sourceTree = "<group>"; };
		3DBBD93910324714009AEF05 /* class.js */ = {isa = PBXFileReference; fileEncoding = 4; lastKnownFileType = sourcecode.javascript; path = class.js; sourceTree = "<group>"; };
		3DBBD95010324714009AEF05 /* JSCocoa.h */ = {isa = PBXFileReference; fileEncoding = 4; lastKnownFileType = sourcecode.c.h; path = JSCocoa.h; sourceTree = "<group>"; };
		3DBBD95410324714009AEF05 /* JSCocoa_Prefix.pch */ = {isa = PBXFileReference; fileEncoding = 4; lastKnownFileType = sourcecode.c.h; path = JSCocoa_Prefix.pch; sourceTree = "<group>"; };
		3DBBD95510324714009AEF05 /* JSCocoaController.h */ = {isa = PBXFileReference; fileEncoding = 4; lastKnownFileType = sourcecode.c.h; path = JSCocoaController.h; sourceTree = "<group>"; };
		3DBBD95610324714009AEF05 /* JSCocoaController.m */ = {isa = PBXFileReference; fileEncoding = 4; lastKnownFileType = sourcecode.c.objc; path = JSCocoaController.m; sourceTree = "<group>"; };
		3DBBD95710324714009AEF05 /* JSCocoaFFIArgument.h */ = {isa = PBXFileReference; fileEncoding = 4; lastKnownFileType = sourcecode.c.h; path = JSCocoaFFIArgument.h; sourceTree = "<group>"; };
		3DBBD95810324714009AEF05 /* JSCocoaFFIArgument.m */ = {isa = PBXFileReference; fileEncoding = 4; lastKnownFileType = sourcecode.c.objc; path = JSCocoaFFIArgument.m; sourceTree = "<group>"; };
		3DBBD95910324714009AEF05 /* JSCocoaFFIClosure.h */ = {isa = PBXFileReference; fileEncoding = 4; lastKnownFileType = sourcecode.c.h; path = JSCocoaFFIClosure.h; sourceTree = "<group>"; };
		3DBBD95A10324714009AEF05 /* JSCocoaFFIClosure.m */ = {isa = PBXFileReference; fileEncoding = 4; lastKnownFileType = sourcecode.c.objc; path = JSCocoaFFIClosure.m; sourceTree = "<group>"; };
		3DBBD95B10324714009AEF05 /* JSCocoaLib.h */ = {isa = PBXFileReference; fileEncoding = 4; lastKnownFileType = sourcecode.c.h; path = JSCocoaLib.h; sourceTree = "<group>"; };
		3DBBD95C10324714009AEF05 /* JSCocoaLib.m */ = {isa = PBXFileReference; fileEncoding = 4; lastKnownFileType = sourcecode.c.objc; path = JSCocoaLib.m; sourceTree = "<group>"; };
		3DBBD95D10324714009AEF05 /* JSCocoaPrivateObject.h */ = {isa = PBXFileReference; fileEncoding = 4; lastKnownFileType = sourcecode.c.h; path = JSCocoaPrivateObject.h; sourceTree = "<group>"; };
		3DBBD95E10324714009AEF05 /* JSCocoaPrivateObject.m */ = {isa = PBXFileReference; fileEncoding = 4; lastKnownFileType = sourcecode.c.objc; path = JSCocoaPrivateObject.m; sourceTree = "<group>"; };
		3DBBD9811032474E009AEF05 /* JavaScriptCore.framework */ = {isa = PBXFileReference; lastKnownFileType = wrapper.framework; name = JavaScriptCore.framework; path = /System/Library/Frameworks/JavaScriptCore.framework; sourceTree = "<absolute>"; };
		3DBBD9A210324CE8009AEF05 /* WebKit.framework */ = {isa = PBXFileReference; lastKnownFileType = wrapper.framework; name = WebKit.framework; path = /System/Library/Frameworks/WebKit.framework; sourceTree = "<absolute>"; };
		3DBBDA101032551E009AEF05 /* defaults.plist */ = {isa = PBXFileReference; fileEncoding = 4; lastKnownFileType = text.plist.xml; path = defaults.plist; sourceTree = "<group>"; };
		3DED26EF10366F220093C660 /* tests */ = {isa = PBXFileReference; lastKnownFileType = folder; name = tests; path = ../tests; sourceTree = SOURCE_ROOT; };
		3DED28C1103850870093C660 /* fulljslintmod.js */ = {isa = PBXFileReference; fileEncoding = 4; lastKnownFileType = sourcecode.javascript; name = fulljslintmod.js; path = ../crockford/fulljslintmod.js; sourceTree = SOURCE_ROOT; };
		3DFF03AE10331DA50072D0A7 /* ApplicationController.h */ = {isa = PBXFileReference; fileEncoding = 4; lastKnownFileType = sourcecode.c.h; path = ApplicationController.h; sourceTree = "<group>"; };
		3DFF03AF10331DA50072D0A7 /* ApplicationController.m */ = {isa = PBXFileReference; fileEncoding = 4; lastKnownFileType = sourcecode.c.objc; path = ApplicationController.m; sourceTree = "<group>"; };
		3DFF03D710331E350072D0A7 /* lintexTester.js */ = {isa = PBXFileReference; fileEncoding = 4; lastKnownFileType = sourcecode.javascript; path = lintexTester.js; sourceTree = "<group>"; };
		8D15AC360486D014006FF6A4 /* Info.plist */ = {isa = PBXFileReference; fileEncoding = 4; lastKnownFileType = text.plist.xml; path = Info.plist; sourceTree = "<group>"; };
		8D15AC370486D014006FF6A4 /* LintexTester.app */ = {isa = PBXFileReference; explicitFileType = wrapper.application; includeInIndex = 0; path = LintexTester.app; sourceTree = BUILT_PRODUCTS_DIR; };
/* End PBXFileReference section */

/* Begin PBXFrameworksBuildPhase section */
		8D15AC330486D014006FF6A4 /* Frameworks */ = {
			isa = PBXFrameworksBuildPhase;
			buildActionMask = 2147483647;
			files = (
				8D15AC340486D014006FF6A4 /* Cocoa.framework in Frameworks */,
				3DBBD9821032474E009AEF05 /* JavaScriptCore.framework in Frameworks */,
				3DBBD9A310324CE8009AEF05 /* WebKit.framework in Frameworks */,
			);
			runOnlyForDeploymentPostprocessing = 0;
		};
/* End PBXFrameworksBuildPhase section */

/* Begin PBXGroup section */
		1058C7A6FEA54F5311CA2CBB /* Linked Frameworks */ = {
			isa = PBXGroup;
			children = (
				1058C7A7FEA54F5311CA2CBB /* Cocoa.framework */,
			);
			name = "Linked Frameworks";
			sourceTree = "<group>";
		};
		1058C7A8FEA54F5311CA2CBB /* Other Frameworks */ = {
			isa = PBXGroup;
			children = (
				2A37F4C4FDCFA73011CA2CEA /* AppKit.framework */,
				13E42FBA07B3F13500E4EEF1 /* CoreData.framework */,
				2A37F4C5FDCFA73011CA2CEA /* Foundation.framework */,
			);
			name = "Other Frameworks";
			sourceTree = "<group>";
		};
		19C28FB0FE9D524F11CA2CBB /* Products */ = {
			isa = PBXGroup;
			children = (
				8D15AC370486D014006FF6A4 /* LintexTester.app */,
			);
			name = Products;
			sourceTree = "<group>";
		};
		2A37F4AAFDCFA73011CA2CEA /* LintexTester */ = {
			isa = PBXGroup;
			children = (
				3DBBD93610324714009AEF05 /* JSCocoa */,
				2A37F4ABFDCFA73011CA2CEA /* Classes */,
				2A37F4AFFDCFA73011CA2CEA /* Other Sources */,
				2A37F4B8FDCFA73011CA2CEA /* Resources */,
				2A37F4C3FDCFA73011CA2CEA /* Frameworks */,
				19C28FB0FE9D524F11CA2CBB /* Products */,
			);
			name = LintexTester;
			sourceTree = "<group>";
		};
		2A37F4ABFDCFA73011CA2CEA /* Classes */ = {
			isa = PBXGroup;
			children = (
				3DFF03AF10331DA50072D0A7 /* ApplicationController.m */,
				3DFF03AE10331DA50072D0A7 /* ApplicationController.h */,
				3DFF03D710331E350072D0A7 /* lintexTester.js */,
			);
			name = Classes;
			sourceTree = "<group>";
		};
		2A37F4AFFDCFA73011CA2CEA /* Other Sources */ = {
			isa = PBXGroup;
			children = (
				32DBCF750370BD2300C91783 /* LintexTester_Prefix.pch */,
				2A37F4B0FDCFA73011CA2CEA /* main.m */,
			);
			name = "Other Sources";
			sourceTree = "<group>";
		};
		2A37F4B8FDCFA73011CA2CEA /* Resources */ = {
			isa = PBXGroup;
			children = (
				3DED28C1103850870093C660 /* fulljslintmod.js */,
				3DED26EF10366F220093C660 /* tests */,
				3D395BDD10350A9600108264 /* console.tiff */,
				3D395BDE10350A9600108264 /* stop.tiff */,
				3D395BDF10350A9600108264 /* run.tiff */,
				2A37F4B9FDCFA73011CA2CEA /* Credits.rtf */,
				8D15AC360486D014006FF6A4 /* Info.plist */,
				089C165FFE840EACC02AAC07 /* InfoPlist.strings */,
				1DDD58280DA1D0D100B32029 /* JSCocoaDocument.xib */,
				1DDD582A0DA1D0D100B32029 /* MainMenu.xib */,
			);
			name = Resources;
			sourceTree = "<group>";
		};
		2A37F4C3FDCFA73011CA2CEA /* Frameworks */ = {
			isa = PBXGroup;
			children = (
				3DBBD9A210324CE8009AEF05 /* WebKit.framework */,
				3DBBD9811032474E009AEF05 /* JavaScriptCore.framework */,
				1058C7A6FEA54F5311CA2CBB /* Linked Frameworks */,
				1058C7A8FEA54F5311CA2CBB /* Other Frameworks */,
			);
			name = Frameworks;
			sourceTree = "<group>";
		};
		3DBBD93610324714009AEF05 /* JSCocoa */ = {
			isa = PBXGroup;
			children = (
				3DBBD93710324714009AEF05 /* BridgeSupportController.h */,
				3DBBD93810324714009AEF05 /* BridgeSupportController.m */,
				3DBBD93910324714009AEF05 /* class.js */,
				3DBBD95010324714009AEF05 /* JSCocoa.h */,
				3DBBD95410324714009AEF05 /* JSCocoa_Prefix.pch */,
				3DBBD95510324714009AEF05 /* JSCocoaController.h */,
				3DBBD95610324714009AEF05 /* JSCocoaController.m */,
				3DBBD95710324714009AEF05 /* JSCocoaFFIArgument.h */,
				3DBBD95810324714009AEF05 /* JSCocoaFFIArgument.m */,
				3DBBD95910324714009AEF05 /* JSCocoaFFIClosure.h */,
				3DBBD95A10324714009AEF05 /* JSCocoaFFIClosure.m */,
				3DBBD95B10324714009AEF05 /* JSCocoaLib.h */,
				3DBBD95C10324714009AEF05 /* JSCocoaLib.m */,
				3DBBD95D10324714009AEF05 /* JSCocoaPrivateObject.h */,
				3DBBD95E10324714009AEF05 /* JSCocoaPrivateObject.m */,
			);
			name = JSCocoa;
			path = "../../../Software Inexdo/JSCocoa/JSCocoa";
			sourceTree = SOURCE_ROOT;
		};
/* End PBXGroup section */

/* Begin PBXNativeTarget section */
		8D15AC270486D014006FF6A4 /* LintexTester */ = {
			isa = PBXNativeTarget;
			buildConfigurationList = C05733C708A9546B00998B17 /* Build configuration list for PBXNativeTarget "LintexTester" */;
			buildPhases = (
				8D15AC2B0486D014006FF6A4 /* Resources */,
				8D15AC300486D014006FF6A4 /* Sources */,
				8D15AC330486D014006FF6A4 /* Frameworks */,
			);
			buildRules = (
			);
			dependencies = (
			);
			name = LintexTester;
			productInstallPath = "$(HOME)/Applications";
			productName = LintexTester;
			productReference = 8D15AC370486D014006FF6A4 /* LintexTester.app */;
			productType = "com.apple.product-type.application";
		};
/* End PBXNativeTarget section */

/* Begin PBXProject section */
		2A37F4A9FDCFA73011CA2CEA /* Project object */ = {
			isa = PBXProject;
			buildConfigurationList = C05733CB08A9546B00998B17 /* Build configuration list for PBXProject "LintexTester" */;
			compatibilityVersion = "Xcode 3.1";
			hasScannedForEncodings = 1;
			mainGroup = 2A37F4AAFDCFA73011CA2CEA /* LintexTester */;
			projectDirPath = "";
			projectRoot = "";
			targets = (
				8D15AC270486D014006FF6A4 /* LintexTester */,
			);
		};
/* End PBXProject section */

/* Begin PBXResourcesBuildPhase section */
		8D15AC2B0486D014006FF6A4 /* Resources */ = {
			isa = PBXResourcesBuildPhase;
			buildActionMask = 2147483647;
			files = (
				3DED28C2103850870093C660 /* fulljslintmod.js in Resources */,
				3DFF03D810331E350072D0A7 /* lintexTester.js in Resources */,
				3DBBD96010324714009AEF05 /* class.js in Resources */,
				8D15AC2C0486D014006FF6A4 /* Credits.rtf in Resources */,
				8D15AC2F0486D014006FF6A4 /* InfoPlist.strings in Resources */,
				1DDD582C0DA1D0D100B32029 /* JSCocoaDocument.xib in Resources */,
				1DDD582D0DA1D0D100B32029 /* MainMenu.xib in Resources */,
				3D395BE010350A9600108264 /* console.tiff in Resources */,
				3D395BE110350A9600108264 /* stop.tiff in Resources */,
				3D395BE210350A9600108264 /* run.tiff in Resources */,
				3DED26F210366F220093C660 /* tests in Resources */,
			);
			runOnlyForDeploymentPostprocessing = 0;
		};
/* End PBXResourcesBuildPhase section */

/* Begin PBXSourcesBuildPhase section */
		8D15AC300486D014006FF6A4 /* Sources */ = {
			isa = PBXSourcesBuildPhase;
			buildActionMask = 2147483647;
			files = (
				8D15AC320486D014006FF6A4 /* main.m in Sources */,
				3DBBD95F10324714009AEF05 /* BridgeSupportController.m in Sources */,
				3DBBD96B10324714009AEF05 /* JSCocoaController.m in Sources */,
				3DBBD96C10324714009AEF05 /* JSCocoaFFIArgument.m in Sources */,
				3DBBD96D10324714009AEF05 /* JSCocoaFFIClosure.m in Sources */,
				3DBBD96E10324714009AEF05 /* JSCocoaLib.m in Sources */,
				3DBBD96F10324714009AEF05 /* JSCocoaPrivateObject.m in Sources */,
				3DFF03B010331DA50072D0A7 /* ApplicationController.m in Sources */,
			);
			runOnlyForDeploymentPostprocessing = 0;
		};
/* End PBXSourcesBuildPhase section */

/* Begin PBXVariantGroup section */
		089C165FFE840EACC02AAC07 /* InfoPlist.strings */ = {
			isa = PBXVariantGroup;
			children = (
				089C1660FE840EACC02AAC07 /* English */,
			);
			name = InfoPlist.strings;
			sourceTree = "<group>";
		};
		1DDD58280DA1D0D100B32029 /* JSCocoaDocument.xib */ = {
			isa = PBXVariantGroup;
			children = (
				1DDD58290DA1D0D100B32029 /* English */,
			);
			name = JSCocoaDocument.xib;
			sourceTree = "<group>";
		};
		1DDD582A0DA1D0D100B32029 /* MainMenu.xib */ = {
			isa = PBXVariantGroup;
			children = (
				1DDD582B0DA1D0D100B32029 /* English */,
			);
			name = MainMenu.xib;
			sourceTree = "<group>";
		};
		2A37F4B9FDCFA73011CA2CEA /* Credits.rtf */ = {
			isa = PBXVariantGroup;
			children = (
				3DBBDA101032551E009AEF05 /* defaults.plist */,
				2A37F4BAFDCFA73011CA2CEA /* English */,
			);
			name = Credits.rtf;
			sourceTree = "<group>";
		};
/* End PBXVariantGroup section */

/* Begin XCBuildConfiguration section */
		C05733C808A9546B00998B17 /* Debug */ = {
			isa = XCBuildConfiguration;
			buildSettings = {
				ALWAYS_SEARCH_USER_PATHS = NO;
				COPY_PHASE_STRIP = NO;
				GCC_DYNAMIC_NO_PIC = NO;
				GCC_ENABLE_FIX_AND_CONTINUE = YES;
				GCC_MODEL_TUNING = G5;
				GCC_OPTIMIZATION_LEVEL = 0;
				GCC_PRECOMPILE_PREFIX_HEADER = YES;
				GCC_PREFIX_HEADER = LintexTester_Prefix.pch;
				INFOPLIST_FILE = Info.plist;
				INSTALL_PATH = "$(HOME)/Applications";
				PRODUCT_NAME = LintexTester;
			};
			name = Debug;
		};
		C05733C908A9546B00998B17 /* Release */ = {
			isa = XCBuildConfiguration;
			buildSettings = {
				ALWAYS_SEARCH_USER_PATHS = NO;
				DEBUG_INFORMATION_FORMAT = "dwarf-with-dsym";
				GCC_MODEL_TUNING = G5;
				GCC_PRECOMPILE_PREFIX_HEADER = YES;
				GCC_PREFIX_HEADER = LintexTester_Prefix.pch;
				INFOPLIST_FILE = Info.plist;
				INSTALL_PATH = "$(HOME)/Applications";
				PRODUCT_NAME = LintexTester;
			};
			name = Release;
		};
		C05733CC08A9546B00998B17 /* Debug */ = {
			isa = XCBuildConfiguration;
			buildSettings = {
				ARCHS = "$(ARCHS_STANDARD_32_BIT)";
				GCC_C_LANGUAGE_STANDARD = c99;
				GCC_OPTIMIZATION_LEVEL = 0;
				GCC_WARN_ABOUT_RETURN_TYPE = YES;
				GCC_WARN_UNUSED_VARIABLE = YES;
				ONLY_ACTIVE_ARCH = YES;
				OTHER_LDFLAGS = "-lffi";
				PREBINDING = NO;
				SDKROOT = macosx10.5;
			};
			name = Debug;
		};
		C05733CD08A9546B00998B17 /* Release */ = {
			isa = XCBuildConfiguration;
			buildSettings = {
				ARCHS = "$(ARCHS_STANDARD_32_BIT)";
				GCC_C_LANGUAGE_STANDARD = c99;
				GCC_WARN_ABOUT_RETURN_TYPE = YES;
				GCC_WARN_UNUSED_VARIABLE = YES;
				OTHER_LDFLAGS = "-lffi";
				PREBINDING = NO;
				SDKROOT = macosx10.5;
			};
			name = Release;
		};
/* End XCBuildConfiguration section */

/* Begin XCConfigurationList section */
		C05733C708A9546B00998B17 /* Build configuration list for PBXNativeTarget "LintexTester" */ = {
			isa = XCConfigurationList;
			buildConfigurations = (
				C05733C808A9546B00998B17 /* Debug */,
				C05733C908A9546B00998B17 /* Release */,
			);
			defaultConfigurationIsVisible = 0;
			defaultConfigurationName = Release;
		};
		C05733CB08A9546B00998B17 /* Build configuration list for PBXProject "LintexTester" */ = {
			isa = XCConfigurationList;
			buildConfigurations = (
				C05733CC08A9546B00998B17 /* Debug */,
				C05733CD08A9546B00998B17 /* Release */,
			);
			defaultConfigurationIsVisible = 0;
			defaultConfigurationName = Release;
		};
/* End XCConfigurationList section */
	};
	rootObject = 2A37F4A9FDCFA73011CA2CEA /* Project object */;
}
